Microsoft Visual Studio Solution File, Format Version 12.00
# Visual Studio Version 17
VisualStudioVersion = 17.13.35931.197
MinimumVisualStudioVersion = 10.0.40219.1
Project("{FAE04EC0-301F-11D3-BF4B-00C04F79EFBC}") = "Sample9", "Sample9.csproj", "{178FF96B-C5B7-4817-AB42-D4F2E1096CEF}"
EndProject
Global
	GlobalSection(SolutionConfigurationPlatforms) = preSolution
		Debug|Any CPU = Debug|Any CPU
		Release|Any CPU = Release|Any CPU
	EndGlobalSection
	GlobalSection(ProjectConfigurationPlatforms) = postSolution
		{178FF96B-C5B7-4817-AB42-D4F2E1096CEF}.Debug|Any CPU.ActiveCfg = Debug|Any CPU
		{178FF96B-C5B7-4817-AB42-D4F2E1096CEF}.Debug|Any CPU.Build.0 = Debug|Any CPU
		{178FF96B-C5B7-4817-AB42-D4F2E1096CEF}.Release|Any CPU.ActiveCfg = Release|Any CPU
		{178FF96B-C5B7-4817-AB42-D4F2E1096CEF}.Release|Any CPU.Build.0 = Release|Any CPU
	EndGlobalSection
	GlobalSection(SolutionProperties) = preSolution
		HideSolutionNode = FALSE
	EndGlobalSection
	GlobalSection(ExtensibilityGlobals) = postSolution
		SolutionGuid = {0C46C240-2D15-492A-A8E8-39237EA12303}
	EndGlobalSection
EndGlobal
